{
  "name": "for-dudu",
  "version": "1.0.0",
  "lockfileVersion": 1,
  "requires": true,
  "dependencies": {
    "crc-32": {
      "version": "1.2.0",
      "resolved": "http://registry.npm.taobao.org/crc-32/download/crc-32-1.2.0.tgz",
      "requires": {
        "printj": "1.1.2"
      },
      "dependencies": {
        "exit-on-epipe": {
          "version": "http://registry.npm.taobao.org/exit-on-epipe/download/exit-on-epipe-1.0.1.tgz",
          "bundled": true
        },
        "printj": {
          "version": "http://registry.npm.taobao.org/printj/download/printj-1.1.2.tgz",
          "bundled": true
        }
      }
    },
    "frac": {
      "version": "1.1.2",
      "resolved": "http://registry.npm.taobao.org/frac/download/frac-1.1.2.tgz"
    },
    "node-xlsx": {
      "version": "0.12.0",
      "resolved": "http://registry.npm.taobao.org/node-xlsx/download/node-xlsx-0.12.0.tgz",
      "integrity": "sha1-agIyWtohZN+Nw+VL7PxQRaufbtE=",
      "requires": {
        "xlsx": "0.12.11"
      },
      "dependencies": {
        "adler-32": {
          "version": "1.2.0",
          "resolved": "http://registry.npm.taobao.org/adler-32/download/adler-32-1.2.0.tgz",
          "integrity": "sha1-aj5r8KY5ALoVZSgIyxXGgT0aXyU=",
          "requires": {
            "exit-on-epipe": "1.0.1",
            "printj": "1.1.2"
          }
        },
        "cfb": {
          "version": "1.0.7",
          "resolved": "http://registry.npm.taobao.org/cfb/download/cfb-1.0.7.tgz",
          "integrity": "sha1-zLYV6xuwoDnngpqwsq1OpWT7qng=",
          "requires": {
            "commander": "2.14.1",
            "printj": "1.1.2"
          }
        },
        "codepage": {
          "version": "1.12.2",
          "resolved": "http://registry.npm.taobao.org/codepage/download/codepage-1.12.2.tgz",
          "integrity": "sha1-/UQkRIyL8dtdfgH57PnoNGWCoZU=",
          "requires": {
            "commander": "2.14.1",
            "exit-on-epipe": "1.0.1"
          }
        },
        "commander": {
          "version": "2.14.1",
          "resolved": "http://registry.npm.taobao.org/commander/download/commander-2.14.1.tgz",
          "integrity": "sha1-IjUSPjevjKPGXfRbAm29NXsBuao="
        },
        "exit-on-epipe": {
          "version": "1.0.1",
          "resolved": "http://registry.npm.taobao.org/exit-on-epipe/download/exit-on-epipe-1.0.1.tgz",
          "integrity": "sha1-C92S6H1ShdJn2qgXHQ6wYVlolpI="
        },
        "xlsx": {
          "version": "0.12.11",
          "resolved": "http://registry.npm.taobao.org/xlsx/download/xlsx-0.12.11.tgz",
          "integrity": "sha1-VIBteKe7ApmKuj1ZxJmVpvC+AB4=",
          "requires": {
            "adler-32": "1.2.0",
            "cfb": "1.0.7",
            "codepage": "1.12.2",
            "commander": "2.14.1",
            "crc-32": "1.2.0",
            "exit-on-epipe": "1.0.1",
            "ssf": "0.10.2"
          }
        }
      }
    },
    "printj": {
      "version": "1.1.2",
      "resolved": "http://registry.npm.taobao.org/printj/download/printj-1.1.2.tgz"
    },
    "ssf": {
      "version": "0.10.2",
      "resolved": "http://registry.npm.taobao.org/ssf/download/ssf-0.10.2.tgz",
      "requires": {
        "frac": "1.1.2"
      },
      "dependencies": {
        "frac": {
          "version": "http://registry.npm.taobao.org/frac/download/frac-1.1.2.tgz",
          "bundled": true
        }
      }
    }
  }
}
