{
  "name": "for-dudu",
  "version": "1.0.0",
  "lockfileVersion": 1,
  "requires": true,
  "dependencies": {
    "buffer-crc32": {
      "version": "0.2.13",
      "resolved": "http://bnpm.byted.org/buffer-crc32/download/buffer-crc32-0.2.13.tgz",
      "integrity": "sha1-DTM+PwDqxQqhRUq9MO+MKl2ackI="
    },
    "colors": {
      "version": "1.4.0",
      "resolved": "http://bnpm.byted.org/colors/download/colors-1.4.0.tgz",
      "integrity": "sha1-xQSRR51MG9rtLJztMs98fcI2D3g="
    },
    "commander": {
      "version": "4.0.1",
      "resolved": "http://bnpm.byted.org/commander/download/commander-4.0.1.tgz",
      "integrity": "sha1-tnYicheFmTGC6Af0iDYz5kAbpTw="
    },
    "crc-32": {
      "version": "1.2.0",
      "resolved": "http://registry.npm.taobao.org/crc-32/download/crc-32-1.2.0.tgz",
      "integrity": "sha512-1uBwHxF+Y/4yF5G48fwnKq6QsIXheor3ZLPT80yGBV1oEUwpPojlEhQbWKVw1VwcTQyMGHK1/XMmTjmlsmTTGA==",
      "requires": {
        "exit-on-epipe": "~1.0.1",
        "printj": "~1.1.0"
      },
      "dependencies": {
        "printj": {
          "version": "1.1.2",
          "resolved": "http://bnpm.byted.org/printj/download/printj-1.1.2.tgz",
          "integrity": "sha1-2Q3rKXWoufYA+zoclOP0xTx4oiI="
        }
      }
    },
    "exit-on-epipe": {
      "version": "1.0.1",
      "resolved": "http://bnpm.byted.org/exit-on-epipe/download/exit-on-epipe-1.0.1.tgz",
      "integrity": "sha1-C92S6H1ShdJn2qgXHQ6wYVlolpI="
    },
    "fd-slicer": {
      "version": "1.1.0",
      "resolved": "http://bnpm.byted.org/fd-slicer/download/fd-slicer-1.1.0.tgz",
      "integrity": "sha1-JcfInLH5B3+IkbvmHY85Dq4lbx4=",
      "requires": {
        "pend": "~1.2.0"
      }
    },
    "node-xlsx": {
      "version": "0.12.0",
      "resolved": "http://registry.npm.taobao.org/node-xlsx/download/node-xlsx-0.12.0.tgz",
      "integrity": "sha1-agIyWtohZN+Nw+VL7PxQRaufbtE=",
      "requires": {
        "xlsx": "^0.12.4"
      },
      "dependencies": {
        "adler-32": {
          "version": "1.2.0",
          "resolved": "http://registry.npm.taobao.org/adler-32/download/adler-32-1.2.0.tgz",
          "integrity": "sha1-aj5r8KY5ALoVZSgIyxXGgT0aXyU=",
          "requires": {
            "exit-on-epipe": "~1.0.1",
            "printj": "~1.1.0"
          }
        },
        "cfb": {
          "version": "1.0.7",
          "resolved": "http://registry.npm.taobao.org/cfb/download/cfb-1.0.7.tgz",
          "integrity": "sha1-zLYV6xuwoDnngpqwsq1OpWT7qng=",
          "requires": {
            "commander": "^2.14.1",
            "printj": "~1.1.2"
          }
        },
        "codepage": {
          "version": "1.12.2",
          "resolved": "http://registry.npm.taobao.org/codepage/download/codepage-1.12.2.tgz",
          "integrity": "sha1-/UQkRIyL8dtdfgH57PnoNGWCoZU=",
          "requires": {
            "commander": "~2.14.1",
            "exit-on-epipe": "~1.0.1"
          }
        },
        "commander": {
          "version": "2.14.1",
          "resolved": "http://registry.npm.taobao.org/commander/download/commander-2.14.1.tgz",
          "integrity": "sha1-IjUSPjevjKPGXfRbAm29NXsBuao="
        },
        "exit-on-epipe": {
          "version": "1.0.1",
          "resolved": "http://registry.npm.taobao.org/exit-on-epipe/download/exit-on-epipe-1.0.1.tgz",
          "integrity": "sha1-C92S6H1ShdJn2qgXHQ6wYVlolpI="
        },
        "xlsx": {
          "version": "0.12.11",
          "resolved": "http://registry.npm.taobao.org/xlsx/download/xlsx-0.12.11.tgz",
          "integrity": "sha1-VIBteKe7ApmKuj1ZxJmVpvC+AB4=",
          "requires": {
            "adler-32": "~1.2.0",
            "cfb": "~1.0.6",
            "codepage": "~1.12.1",
            "commander": "~2.14.1",
            "crc-32": "~1.2.0",
            "exit-on-epipe": "~1.0.1",
            "ssf": "~0.10.2"
          }
        }
      }
    },
    "pend": {
      "version": "1.2.0",
      "resolved": "http://bnpm.byted.org/pend/download/pend-1.2.0.tgz",
      "integrity": "sha1-elfrVQpng/kRUzH89GY9XI4AelA="
    },
    "printj": {
      "version": "1.1.2",
      "resolved": "http://registry.npm.taobao.org/printj/download/printj-1.1.2.tgz",
      "integrity": "sha512-zA2SmoLaxZyArQTOPj5LXecR+RagfPSU5Kw1qP+jkWeNlrq+eJZyY2oS68SU1Z/7/myXM4lo9716laOFAVStCQ=="
    },
    "sax": {
      "version": "1.2.4",
      "resolved": "http://bnpm.byted.org/sax/download/sax-1.2.4.tgz",
      "integrity": "sha1-KBYjTiN4vdxOU1T6tcqold9xANk="
    },
    "ssf": {
      "version": "0.10.2",
      "resolved": "http://registry.npm.taobao.org/ssf/download/ssf-0.10.2.tgz",
      "integrity": "sha512-rDhAPm9WyIsY8eZEKyE8Qsotb3j/wBdvMWBUsOhJdfhKGLfQidRjiBUV0y/MkyCLiXQ38FG6LWW/VYUtqlIDZQ==",
      "requires": {
        "frac": "~1.1.2"
      },
      "dependencies": {
        "frac": {
          "version": "1.1.2",
          "resolved": "http://bnpm.byted.org/frac/download/frac-1.1.2.tgz",
          "integrity": "sha1-PXT39keMiKG1AgMG10fcYxPHTQs="
        }
      }
    },
    "xlsx-extract": {
      "version": "0.1.3",
      "resolved": "http://bnpm.byted.org/xlsx-extract/download/xlsx-extract-0.1.3.tgz",
      "integrity": "sha1-UqcbRJ5014zRVNaYWL64Hf+wMzg=",
      "requires": {
        "commander": "4.0.1",
        "sax": "1.2.4",
        "yauzl": "2.10.0"
      }
    },
    "yauzl": {
      "version": "2.10.0",
      "resolved": "http://bnpm.byted.org/yauzl/download/yauzl-2.10.0.tgz",
      "integrity": "sha1-x+sXyT4RLLEIb6bY5R+wZnt5pfk=",
      "requires": {
        "buffer-crc32": "~0.2.3",
        "fd-slicer": "~1.1.0"
      }
    }
  }
}
